<?xml version="1.0" encoding="UTF-8"?>
<Scheme
   LastUpgradeVersion = "0460"
   version = "1.8">
   <BuildAction
      parallelizeBuildables = "YES"
      buildImplicitDependencies = "YES">
      <BuildActionEntries>
         <BuildActionEntry
            buildForTesting = "YES"
            buildForRunning = "YES"
            buildForProfiling = "YES"
            buildForArchiving = "YES"
            buildForAnalyzing = "YES">
            <BuildableReference
               BuildableIdentifier = "primary"
               BlueprintIdentifier = "3680779F15D0F78700843AD5"
               BuildableName = "BisMac.app"
               BlueprintName = "BisMac"
               ReferencedContainer = "container:BisMac.xcodeproj">
            </BuildableReference>
         </BuildActionEntry>
      </BuildActionEntries>
   </BuildAction>
   <TestAction
      selectedDebuggerIdentifier = "Xcode.DebuggerFoundation.Debugger.LLDB"
      selectedLauncherIdentifier = "Xcode.DebuggerFoundation.Launcher.LLDB"
      shouldUseLaunchSchemeArgsEnv = "YES"
      buildConfiguration = "Debug">
      <Testables>
         <TestableReference
            skipped = "NO">
            <BuildableReference
               BuildableIdentifier = "primary"
               BlueprintIdentifier = "368077C615D0F78700843AD5"
               BuildableName = "BisMacTests.octest"
               BlueprintName = "BisMacTests"
               ReferencedContainer = "container:BisMac.xcodeproj">
            </BuildableReference>
            <SkippedTests>
               <Test
                  Identifier = "BisMacTests">
               </Test>
               <Test
                  Identifier = "CISDOBJsonRpcCallGenericTest">
               </Test>
               <Test
                  Identifier = "CISDOBJsonRpcCallOpenBisTest">
               </Test>
               <Test
                  Identifier = "CISDOBJsonRpcCallTest">
               </Test>
               <Test
                  Identifier = "CISDOBIpadEntityTest">
               </Test>
               <Test
                  Identifier = "CISDOBAsyncTest">
               </Test>
               <Test
                  Identifier = "CISDOBIpadServiceManagerTest/testDeletedEntities">
               </Test>
               <Test
                  Identifier = "CISDOBIpadServiceManagerTest/testNilUrl">
               </Test>
               <Test
                  Identifier = "CISDOBIpadServiceManagerTest/testPersistDrillAndDetailsOnCollections">
               </Test>
               <Test
                  Identifier = "CISDOBIpadServiceManagerTest/testPersistEntities">
               </Test>
               <Test
                  Identifier = "CISDOBIpadServiceManagerTest/testUnicode">
               </Test>
               <Test
                  Identifier = "CISDOBIpadServiceManagerTest/testImageRetrieval">
               </Test>
               <Test
                  Identifier = "CISDOBIpadServiceManagerTest">
               </Test>
               <Test
                  Identifier = "CISDOBLiveConnectionTest">
               </Test>
            </SkippedTests>
         </TestableReference>
      </Testables>
   </TestAction>
   <LaunchAction
      selectedDebuggerIdentifier = "Xcode.DebuggerFoundation.Debugger.LLDB"
      selectedLauncherIdentifier = "Xcode.DebuggerFoundation.Launcher.LLDB"
      displayScaleIsEnabled = "NO"
      displayScale = "1.00"
      launchStyle = "0"
      useCustomWorkingDirectory = "NO"
      buildConfiguration = "Debug"
      ignoresPersistentStateOnLaunch = "NO"
      debugDocumentVersioning = "YES"
      allowLocationSimulation = "YES">
      <BuildableProductRunnable>
         <BuildableReference
            BuildableIdentifier = "primary"
            BlueprintIdentifier = "3680779F15D0F78700843AD5"
            BuildableName = "BisMac.app"
            BlueprintName = "BisMac"
            ReferencedContainer = "container:BisMac.xcodeproj">
         </BuildableReference>
      </BuildableProductRunnable>
      <AdditionalOptions>
      </AdditionalOptions>
   </LaunchAction>
   <ProfileAction
      displayScaleIsEnabled = "NO"
      displayScale = "1.00"
      shouldUseLaunchSchemeArgsEnv = "YES"
      savedToolIdentifier = ""
      useCustomWorkingDirectory = "NO"
      buildConfiguration = "Release"
      debugDocumentVersioning = "YES">
      <BuildableProductRunnable>
         <BuildableReference
            BuildableIdentifier = "primary"
            BlueprintIdentifier = "3680779F15D0F78700843AD5"
            BuildableName = "BisMac.app"
            BlueprintName = "BisMac"
            ReferencedContainer = "container:BisMac.xcodeproj">
         </BuildableReference>
      </BuildableProductRunnable>
   </ProfileAction>
   <AnalyzeAction
      buildConfiguration = "Debug">
   </AnalyzeAction>
   <ArchiveAction
      buildConfiguration = "Release"
      revealArchiveInOrganizer = "YES">
   </ArchiveAction>
</Scheme>
